// !$*UTF8*$!
{
	archiveVersion = 1;
	classes = {
	};
	objectVersion = 46;
	objects = {

/* Begin PBXBuildFile section */
		CB120BDC1D1C3882006C7CB0 /* TableMemesViewController.swift in Sources */ = {isa = PBXBuildFile; fileRef = CB120BDB1D1C3882006C7CB0 /* TableMemesViewController.swift */; };
		CB120BDE1D1C39B0006C7CB0 /* CollectionMemesViewController.swift in Sources */ = {isa = PBXBuildFile; fileRef = CB120BDD1D1C39B0006C7CB0 /* CollectionMemesViewController.swift */; };
		CB24D6651D1725780085607D /* Meme.swift in Sources */ = {isa = PBXBuildFile; fileRef = CB24D6641D1725780085607D /* Meme.swift */; };
		CB518FC11D1D41B10056912E /* customTableCell.swift in Sources */ = {isa = PBXBuildFile; fileRef = CB518FC01D1D41B10056912E /* customTableCell.swift */; };
		CB518FC31D1D44C30056912E /* customCollectionCell.swift in Sources */ = {isa = PBXBuildFile; fileRef = CB518FC21D1D44C30056912E /* customCollectionCell.swift */; };
		CB518FC51D1D4E140056912E /* OpenMemeViewController.swift in Sources */ = {isa = PBXBuildFile; fileRef = CB518FC41D1D4E140056912E /* OpenMemeViewController.swift */; };
		CB5D110B1D2ABAB500B238BF /* common.swift in Sources */ = {isa = PBXBuildFile; fileRef = CB5D110A1D2ABAB500B238BF /* common.swift */; };
		CB79E7AF1D1711C900AD386E /* AppDelegate.swift in Sources */ = {isa = PBXBuildFile; fileRef = CB79E7AE1D1711C900AD386E /* AppDelegate.swift */; };
		CB79E7B11D1711C900AD386E /* CreateMemeViewController.swift in Sources */ = {isa = PBXBuildFile; fileRef = CB79E7B01D1711C900AD386E /* CreateMemeViewController.swift */; };
		CB79E7B41D1711C900AD386E /* Main.storyboard in Resources */ = {isa = PBXBuildFile; fileRef = CB79E7B21D1711C900AD386E /* Main.storyboard */; };
		CB79E7B61D1711C900AD386E /* Assets.xcassets in Resources */ = {isa = PBXBuildFile; fileRef = CB79E7B51D1711C900AD386E /* Assets.xcassets */; };
		CB79E7B91D1711C900AD386E /* LaunchScreen.storyboard in Resources */ = {isa = PBXBuildFile; fileRef = CB79E7B71D1711C900AD386E /* LaunchScreen.storyboard */; };
		CB79E7C41D1711C900AD386E /* MemeAppTests.swift in Sources */ = {isa = PBXBuildFile; fileRef = CB79E7C31D1711C900AD386E /* MemeAppTests.swift */; };
		CB79E7CF1D1711CA00AD386E /* MemeAppUITests.swift in Sources */ = {isa = PBXBuildFile; fileRef = CB79E7CE1D1711CA00AD386E /* MemeAppUITests.swift */; };
/* End PBXBuildFile section */

/* Begin PBXContainerItemProxy section */
		CB79E7C01D1711C900AD386E /* PBXContainerItemProxy */ = {
			isa = PBXContainerItemProxy;
			containerPortal = CB79E7A31D1711C900AD386E /* Project object */;
			proxyType = 1;
			remoteGlobalIDString = CB79E7AA1D1711C900AD386E;
			remoteInfo = MemeApp;
		};
		CB79E7CB1D1711CA00AD386E /* PBXContainerItemProxy */ = {
			isa = PBXContainerItemProxy;
			containerPortal = CB79E7A31D1711C900AD386E /* Project object */;
			proxyType = 1;
			remoteGlobalIDString = CB79E7AA1D1711C900AD386E;
			remoteInfo = MemeApp;
		};
/* End PBXContainerItemProxy section */

/* Begin PBXFileReference section */
		CB120BDB1D1C3882006C7CB0 /* TableMemesViewController.swift */ = {isa = PBXFileReference; fileEncoding = 4; lastKnownFileType = sourcecode.swift; path = TableMemesViewController.swift; sourceTree = "<group>"; };
		CB120BDD1D1C39B0006C7CB0 /* CollectionMemesViewController.swift */ = {isa = PBXFileReference; fileEncoding = 4; lastKnownFileType = sourcecode.swift; path = CollectionMemesViewController.swift; sourceTree = "<group>"; };
		CB24D6641D1725780085607D /* Meme.swift */ = {isa = PBXFileReference; fileEncoding = 4; lastKnownFileType = sourcecode.swift; path = Meme.swift; sourceTree = "<group>"; };
		CB518FC01D1D41B10056912E /* customTableCell.swift */ = {isa = PBXFileReference; fileEncoding = 4; lastKnownFileType = sourcecode.swift; path = customTableCell.swift; sourceTree = "<group>"; };
		CB518FC21D1D44C30056912E /* customCollectionCell.swift */ = {isa = PBXFileReference; fileEncoding = 4; lastKnownFileType = sourcecode.swift; path = customCollectionCell.swift; sourceTree = "<group>"; };
		CB518FC41D1D4E140056912E /* OpenMemeViewController.swift */ = {isa = PBXFileReference; fileEncoding = 4; lastKnownFileType = sourcecode.swift; path = OpenMemeViewController.swift; sourceTree = "<group>"; };
		CB5D110A1D2ABAB500B238BF /* common.swift */ = {isa = PBXFileReference; fileEncoding = 4; lastKnownFileType = sourcecode.swift; path = common.swift; sourceTree = "<group>"; };
		CB79E7AB1D1711C900AD386E /* MemeApp.app */ = {isa = PBXFileReference; explicitFileType = wrapper.application; includeInIndex = 0; path = MemeApp.app; sourceTree = BUILT_PRODUCTS_DIR; };
		CB79E7AE1D1711C900AD386E /* AppDelegate.swift */ = {isa = PBXFileReference; lastKnownFileType = sourcecode.swift; path = AppDelegate.swift; sourceTree = "<group>"; };
		CB79E7B01D1711C900AD386E /* CreateMemeViewController.swift */ = {isa = PBXFileReference; lastKnownFileType = sourcecode.swift; path = CreateMemeViewController.swift; sourceTree = "<group>"; };
		CB79E7B31D1711C900AD386E /* Base */ = {isa = PBXFileReference; lastKnownFileType = file.storyboard; name = Base; path = Base.lproj/Main.storyboard; sourceTree = "<group>"; };
		CB79E7B51D1711C900AD386E /* Assets.xcassets */ = {isa = PBXFileReference; lastKnownFileType = folder.assetcatalog; path = Assets.xcassets; sourceTree = "<group>"; };
		CB79E7B81D1711C900AD386E /* Base */ = {isa = PBXFileReference; lastKnownFileType = file.storyboard; name = Base; path = Base.lproj/LaunchScreen.storyboard; sourceTree = "<group>"; };
		CB79E7BA1D1711C900AD386E /* Info.plist */ = {isa = PBXFileReference; lastKnownFileType = text.plist.xml; path = Info.plist; sourceTree = "<group>"; };
		CB79E7BF1D1711C900AD386E /* MemeAppTests.xctest */ = {isa = PBXFileReference; explicitFileType = wrapper.cfbundle; includeInIndex = 0; path = MemeAppTests.xctest; sourceTree = BUILT_PRODUCTS_DIR; };
		CB79E7C31D1711C900AD386E /* MemeAppTests.swift */ = {isa = PBXFileReference; lastKnownFileType = sourcecode.swift; path = MemeAppTests.swift; sourceTree = "<group>"; };
		CB79E7C51D1711C900AD386E /* Info.plist */ = {isa = PBXFileReference; lastKnownFileType = text.plist.xml; path = Info.plist; sourceTree = "<group>"; };
		CB79E7CA1D1711CA00AD386E /* MemeAppUITests.xctest */ = {isa = PBXFileReference; explicitFileType = wrapper.cfbundle; includeInIndex = 0; path = MemeAppUITests.xctest; sourceTree = BUILT_PRODUCTS_DIR; };
		CB79E7CE1D1711CA00AD386E /* MemeAppUITests.swift */ = {isa = PBXFileReference; lastKnownFileType = sourcecode.swift; path = MemeAppUITests.swift; sourceTree = "<group>"; };
		CB79E7D01D1711CA00AD386E /* Info.plist */ = {isa = PBXFileReference; lastKnownFileType = text.plist.xml; path = Info.plist; sourceTree = "<group>"; };
/* End PBXFileReference section */

/* Begin PBXFrameworksBuildPhase section */
		CB79E7A81D1711C900AD386E /* Frameworks */ = {
			isa = PBXFrameworksBuildPhase;
			buildActionMask = 2147483647;
			files = (
			);
			runOnlyForDeploymentPostprocessing = 0;
		};
		CB79E7BC1D1711C900AD386E /* Frameworks */ = {
			isa = PBXFrameworksBuildPhase;
			buildActionMask = 2147483647;
			files = (
			);
			runOnlyForDeploymentPostprocessing = 0;
		};
		CB79E7C71D1711CA00AD386E /* Frameworks */ = {
			isa = PBXFrameworksBuildPhase;
			buildActionMask = 2147483647;
			files = (
			);
			runOnlyForDeploymentPostprocessing = 0;
		};
/* End PBXFrameworksBuildPhase section */

/* Begin PBXGroup section */
		CB24D6631D17255F0085607D /* Model */ = {
			isa = PBXGroup;
			children = (
				CB24D6641D1725780085607D /* Meme.swift */,
			);
			name = Model;
			sourceTree = "<group>";
		};
		CB79E7A21D1711C900AD386E = {
			isa = PBXGroup;
			children = (
				CB79E7AD1D1711C900AD386E /* MemeApp */,
				CB79E7C21D1711C900AD386E /* MemeAppTests */,
				CB79E7CD1D1711CA00AD386E /* MemeAppUITests */,
				CB79E7AC1D1711C900AD386E /* Products */,
			);
			sourceTree = "<group>";
		};
		CB79E7AC1D1711C900AD386E /* Products */ = {
			isa = PBXGroup;
			children = (
				CB79E7AB1D1711C900AD386E /* MemeApp.app */,
				CB79E7BF1D1711C900AD386E /* MemeAppTests.xctest */,
				CB79E7CA1D1711CA00AD386E /* MemeAppUITests.xctest */,
			);
			name = Products;
			sourceTree = "<group>";
		};
		CB79E7AD1D1711C900AD386E /* MemeApp */ = {
			isa = PBXGroup;
			children = (
				CB24D6631D17255F0085607D /* Model */,
				CB79E7DD1D171BA300AD386E /* View */,
				CB79E7DE1D171BB800AD386E /* Controller */,
				CB79E7AE1D1711C900AD386E /* AppDelegate.swift */,
				CB79E7B51D1711C900AD386E /* Assets.xcassets */,
				CB79E7BA1D1711C900AD386E /* Info.plist */,
			);
			path = MemeApp;
			sourceTree = "<group>";
		};
		CB79E7C21D1711C900AD386E /* MemeAppTests */ = {
			isa = PBXGroup;
			children = (
				CB79E7C31D1711C900AD386E /* MemeAppTests.swift */,
				CB79E7C51D1711C900AD386E /* Info.plist */,
			);
			path = MemeAppTests;
			sourceTree = "<group>";
		};
		CB79E7CD1D1711CA00AD386E /* MemeAppUITests */ = {
			isa = PBXGroup;
			children = (
				CB79E7CE1D1711CA00AD386E /* MemeAppUITests.swift */,
				CB79E7D01D1711CA00AD386E /* Info.plist */,
			);
			path = MemeAppUITests;
			sourceTree = "<group>";
		};
		CB79E7DD1D171BA300AD386E /* View */ = {
			isa = PBXGroup;
			children = (
				CB79E7B71D1711C900AD386E /* LaunchScreen.storyboard */,
				CB79E7B21D1711C900AD386E /* Main.storyboard */,
			);
			name = View;
			sourceTree = "<group>";
		};
		CB79E7DE1D171BB800AD386E /* Controller */ = {
			isa = PBXGroup;
			children = (
				CB79E7B01D1711C900AD386E /* CreateMemeViewController.swift */,
				CB120BDB1D1C3882006C7CB0 /* TableMemesViewController.swift */,
				CB518FC01D1D41B10056912E /* customTableCell.swift */,
				CB120BDD1D1C39B0006C7CB0 /* CollectionMemesViewController.swift */,
				CB518FC21D1D44C30056912E /* customCollectionCell.swift */,
				CB518FC41D1D4E140056912E /* OpenMemeViewController.swift */,
				CB5D110A1D2ABAB500B238BF /* common.swift */,
			);
			name = Controller;
			sourceTree = "<group>";
		};
/* End PBXGroup section */

/* Begin PBXNativeTarget section */
		CB79E7AA1D1711C900AD386E /* MemeApp */ = {
			isa = PBXNativeTarget;
			buildConfigurationList = CB79E7D31D1711CA00AD386E /* Build configuration list for PBXNativeTarget "MemeApp" */;
			buildPhases = (
				CB79E7A71D1711C900AD386E /* Sources */,
				CB79E7A81D1711C900AD386E /* Frameworks */,
				CB79E7A91D1711C900AD386E /* Resources */,
			);
			buildRules = (
			);
			dependencies = (
			);
			name = MemeApp;
			productName = MemeApp;
			productReference = CB79E7AB1D1711C900AD386E /* MemeApp.app */;
			productType = "com.apple.product-type.application";
		};
		CB79E7BE1D1711C900AD386E /* MemeAppTests */ = {
			isa = PBXNativeTarget;
			buildConfigurationList = CB79E7D61D1711CA00AD386E /* Build configuration list for PBXNativeTarget "MemeAppTests" */;
			buildPhases = (
				CB79E7BB1D1711C900AD386E /* Sources */,
				CB79E7BC1D1711C900AD386E /* Frameworks */,
				CB79E7BD1D1711C900AD386E /* Resources */,
			);
			buildRules = (
			);
			dependencies = (
				CB79E7C11D1711C900AD386E /* PBXTargetDependency */,
			);
			name = MemeAppTests;
			productName = MemeAppTests;
			productReference = CB79E7BF1D1711C900AD386E /* MemeAppTests.xctest */;
			productType = "com.apple.product-type.bundle.unit-test";
		};
		CB79E7C91D1711CA00AD386E /* MemeAppUITests */ = {
			isa = PBXNativeTarget;
			buildConfigurationList = CB79E7D91D1711CA00AD386E /* Build configuration list for PBXNativeTarget "MemeAppUITests" */;
			buildPhases = (
				CB79E7C61D1711CA00AD386E /* Sources */,
				CB79E7C71D1711CA00AD386E /* Frameworks */,
				CB79E7C81D1711CA00AD386E /* Resources */,
			);
			buildRules = (
			);
			dependencies = (
				CB79E7CC1D1711CA00AD386E /* PBXTargetDependency */,
			);
			name = MemeAppUITests;
			productName = MemeAppUITests;
			productReference = CB79E7CA1D1711CA00AD386E /* MemeAppUITests.xctest */;
			productType = "com.apple.product-type.bundle.ui-testing";
		};
/* End PBXNativeTarget section */

/* Begin PBXProject section */
		CB79E7A31D1711C900AD386E /* Project object */ = {
			isa = PBXProject;
			attributes = {
				LastSwiftUpdateCheck = 0730;
				LastUpgradeCheck = 0730;
				ORGANIZATIONNAME = GMV;
				TargetAttributes = {
					CB79E7AA1D1711C900AD386E = {
						CreatedOnToolsVersion = 7.3.1;
					};
					CB79E7BE1D1711C900AD386E = {
						CreatedOnToolsVersion = 7.3.1;
						TestTargetID = CB79E7AA1D1711C900AD386E;
					};
					CB79E7C91D1711CA00AD386E = {
						CreatedOnToolsVersion = 7.3.1;
						TestTargetID = CB79E7AA1D1711C900AD386E;
					};
				};
			};
			buildConfigurationList = CB79E7A61D1711C900AD386E /* Build configuration list for PBXProject "MemeApp" */;
			compatibilityVersion = "Xcode 3.2";
			developmentRegion = English;
			hasScannedForEncodings = 0;
			knownRegions = (
				en,
				Base,
			);
			mainGroup = CB79E7A21D1711C900AD386E;
			productRefGroup = CB79E7AC1D1711C900AD386E /* Products */;
			projectDirPath = "";
			projectRoot = "";
			targets = (
				CB79E7AA1D1711C900AD386E /* MemeApp */,
				CB79E7BE1D1711C900AD386E /* MemeAppTests */,
				CB79E7C91D1711CA00AD386E /* MemeAppUITests */,
			);
		};
/* End PBXProject section */

/* Begin PBXResourcesBuildPhase section */
		CB79E7A91D1711C900AD386E /* Resources */ = {
			isa = PBXResourcesBuildPhase;
			buildActionMask = 2147483647;
			files = (
				CB79E7B91D1711C900AD386E /* LaunchScreen.storyboard in Resources */,
				CB79E7B61D1711C900AD386E /* Assets.xcassets in Resources */,
				CB79E7B41D1711C900AD386E /* Main.storyboard in Resources */,
			);
			runOnlyForDeploymentPostprocessing = 0;
		};
		CB79E7BD1D1711C900AD386E /* Resources */ = {
			isa = PBXResourcesBuildPhase;
			buildActionMask = 2147483647;
			files = (
			);
			runOnlyForDeploymentPostprocessing = 0;
		};
		CB79E7C81D1711CA00AD386E /* Resources */ = {
			isa = PBXResourcesBuildPhase;
			buildActionMask = 2147483647;
			files = (
			);
			runOnlyForDeploymentPostprocessing = 0;
		};
/* End PBXResourcesBuildPhase section */

/* Begin PBXSourcesBuildPhase section */
		CB79E7A71D1711C900AD386E /* Sources */ = {
			isa = PBXSourcesBuildPhase;
			buildActionMask = 2147483647;
			files = (
				CB24D6651D1725780085607D /* Meme.swift in Sources */,
				CB120BDE1D1C39B0006C7CB0 /* CollectionMemesViewController.swift in Sources */,
				CB79E7B11D1711C900AD386E /* CreateMemeViewController.swift in Sources */,
				CB79E7AF1D1711C900AD386E /* AppDelegate.swift in Sources */,
				CB518FC51D1D4E140056912E /* OpenMemeViewController.swift in Sources */,
				CB518FC11D1D41B10056912E /* customTableCell.swift in Sources */,
				CB518FC31D1D44C30056912E /* customCollectionCell.swift in Sources */,
				CB120BDC1D1C3882006C7CB0 /* TableMemesViewController.swift in Sources */,
				CB5D110B1D2ABAB500B238BF /* common.swift in Sources */,
			);
			runOnlyForDeploymentPostprocessing = 0;
		};
		CB79E7BB1D1711C900AD386E /* Sources */ = {
			isa = PBXSourcesBuildPhase;
			buildActionMask = 2147483647;
			files = (
				CB79E7C41D1711C900AD386E /* MemeAppTests.swift in Sources */,
			);
			runOnlyForDeploymentPostprocessing = 0;
		};
		CB79E7C61D1711CA00AD386E /* Sources */ = {
			isa = PBXSourcesBuildPhase;
			buildActionMask = 2147483647;
			files = (
				CB79E7CF1D1711CA00AD386E /* MemeAppUITests.swift in Sources */,
			);
			runOnlyForDeploymentPostprocessing = 0;
		};
/* End PBXSourcesBuildPhase section */

/* Begin PBXTargetDependency section */
		CB79E7C11D1711C900AD386E /* PBXTargetDependency */ = {
			isa = PBXTargetDependency;
			target = CB79E7AA1D1711C900AD386E /* MemeApp */;
			targetProxy = CB79E7C01D1711C900AD386E /* PBXContainerItemProxy */;
		};
		CB79E7CC1D1711CA00AD386E /* PBXTargetDependency */ = {
			isa = PBXTargetDependency;
			target = CB79E7AA1D1711C900AD386E /* MemeApp */;
			targetProxy = CB79E7CB1D1711CA00AD386E /* PBXContainerItemProxy */;
		};
/* End PBXTargetDependency section */

/* Begin PBXVariantGroup section */
		CB79E7B21D1711C900AD386E /* Main.storyboard */ = {
			isa = PBXVariantGroup;
			children = (
				CB79E7B31D1711C900AD386E /* Base */,
			);
			name = Main.storyboard;
			sourceTree = "<group>";
		};
		CB79E7B71D1711C900AD386E /* LaunchScreen.storyboard */ = {
			isa = PBXVariantGroup;
			children = (
				CB79E7B81D1711C900AD386E /* Base */,
			);
			name = LaunchScreen.storyboard;
			sourceTree = "<group>";
		};
/* End PBXVariantGroup section */

/* Begin XCBuildConfiguration section */
		CB79E7D11D1711CA00AD386E /* Debug */ = {
			isa = XCBuildConfiguration;
			buildSettings = {
				ALWAYS_SEARCH_USER_PATHS = NO;
				CLANG_ANALYZER_NONNULL = YES;
				CLANG_CXX_LANGUAGE_STANDARD = "gnu++0x";
				CLANG_CXX_LIBRARY = "libc++";
				CLANG_ENABLE_MODULES = YES;
				CLANG_ENABLE_OBJC_ARC = YES;
				CLANG_WARN_BOOL_CONVERSION = YES;
				CLANG_WARN_CONSTANT_CONVERSION = YES;
				CLANG_WARN_DIRECT_OBJC_ISA_USAGE = YES_ERROR;
				CLANG_WARN_EMPTY_BODY = YES;
				CLANG_WARN_ENUM_CONVERSION = YES;
				CLANG_WARN_INT_CONVERSION = YES;
				CLANG_WARN_OBJC_ROOT_CLASS = YES_ERROR;
				CLANG_WARN_UNREACHABLE_CODE = YES;
				CLANG_WARN__DUPLICATE_METHOD_MATCH = YES;
				"CODE_SIGN_IDENTITY[sdk=iphoneos*]" = "iPhone Developer";
				COPY_PHASE_STRIP = NO;
				DEBUG_INFORMATION_FORMAT = dwarf;
				ENABLE_STRICT_OBJC_MSGSEND = YES;
				ENABLE_TESTABILITY = YES;
				GCC_C_LANGUAGE_STANDARD = gnu99;
				GCC_DYNAMIC_NO_PIC = NO;
				GCC_NO_COMMON_BLOCKS = YES;
				GCC_OPTIMIZATION_LEVEL = 0;
				GCC_PREPROCESSOR_DEFINITIONS = (
					"DEBUG=1",
					"$(inherited)",
				);
				GCC_WARN_64_TO_32_BIT_CONVERSION = YES;
				GCC_WARN_ABOUT_RETURN_TYPE = YES_ERROR;
				GCC_WARN_UNDECLARED_SELECTOR = YES;
				GCC_WARN_UNINITIALIZED_AUTOS = YES_AGGRESSIVE;
				GCC_WARN_UNUSED_FUNCTION = YES;
				GCC_WARN_UNUSED_VARIABLE = YES;
				IPHONEOS_DEPLOYMENT_TARGET = 9.3;
				MTL_ENABLE_DEBUG_INFO = YES;
				ONLY_ACTIVE_ARCH = YES;
				SDKROOT = iphoneos;
				SWIFT_OPTIMIZATION_LEVEL = "-Onone";
				TARGETED_DEVICE_FAMILY = "1,2";
			};
			name = Debug;
		};
		CB79E7D21D1711CA00AD386E /* Release */ = {
			isa = XCBuildConfiguration;
			buildSettings = {
				ALWAYS_SEARCH_USER_PATHS = NO;
				CLANG_ANALYZER_NONNULL = YES;
				CLANG_CXX_LANGUAGE_STANDARD = "gnu++0x";
				CLANG_CXX_LIBRARY = "libc++";
				CLANG_ENABLE_MODULES = YES;
				CLANG_ENABLE_OBJC_ARC = YES;
				CLANG_WARN_BOOL_CONVERSION = YES;
				CLANG_WARN_CONSTANT_CONVERSION = YES;
				CLANG_WARN_DIRECT_OBJC_ISA_USAGE = YES_ERROR;
				CLANG_WARN_EMPTY_BODY = YES;
				CLANG_WARN_ENUM_CONVERSION = YES;
				CLANG_WARN_INT_CONVERSION = YES;
				CLANG_WARN_OBJC_ROOT_CLASS = YES_ERROR;
				CLANG_WARN_UNREACHABLE_CODE = YES;
				CLANG_WARN__DUPLICATE_METHOD_MATCH = YES;
				"CODE_SIGN_IDENTITY[sdk=iphoneos*]" = "iPhone Developer";
				COPY_PHASE_STRIP = NO;
				DEBUG_INFORMATION_FORMAT = "dwarf-with-dsym";
				ENABLE_NS_ASSERTIONS = NO;
				ENABLE_STRICT_OBJC_MSGSEND = YES;
				GCC_C_LANGUAGE_STANDARD = gnu99;
				GCC_NO_COMMON_BLOCKS = YES;
				GCC_WARN_64_TO_32_BIT_CONVERSION = YES;
				GCC_WARN_ABOUT_RETURN_TYPE = YES_ERROR;
				GCC_WARN_UNDECLARED_SELECTOR = YES;
				GCC_WARN_UNINITIALIZED_AUTOS = YES_AGGRESSIVE;
				GCC_WARN_UNUSED_FUNCTION = YES;
				GCC_WARN_UNUSED_VARIABLE = YES;
				IPHONEOS_DEPLOYMENT_TARGET = 9.3;
				MTL_ENABLE_DEBUG_INFO = NO;
				SDKROOT = iphoneos;
				TARGETED_DEVICE_FAMILY = "1,2";
				VALIDATE_PRODUCT = YES;
			};
			name = Release;
		};
		CB79E7D41D1711CA00AD386E /* Debug */ = {
			isa = XCBuildConfiguration;
			buildSettings = {
				ASSETCATALOG_COMPILER_APPICON_NAME = AppIcon;
				INFOPLIST_FILE = MemeApp/Info.plist;
				LD_RUNPATH_SEARCH_PATHS = "$(inherited) @executable_path/Frameworks";
				PRODUCT_BUNDLE_IDENTIFIER = com.gmv.MemeApp;
				PRODUCT_NAME = "$(TARGET_NAME)";
			};
			name = Debug;
		};
		CB79E7D51D1711CA00AD386E /* Release */ = {
			isa = XCBuildConfiguration;
			buildSettings = {
				ASSETCATALOG_COMPILER_APPICON_NAME = AppIcon;
				INFOPLIST_FILE = MemeApp/Info.plist;
				LD_RUNPATH_SEARCH_PATHS = "$(inherited) @executable_path/Frameworks";
				PRODUCT_BUNDLE_IDENTIFIER = com.gmv.MemeApp;
				PRODUCT_NAME = "$(TARGET_NAME)";
			};
			name = Release;
		};
		CB79E7D71D1711CA00AD386E /* Debug */ = {
			isa = XCBuildConfiguration;
			buildSettings = {
				BUNDLE_LOADER = "$(TEST_HOST)";
				INFOPLIST_FILE = MemeAppTests/Info.plist;
				LD_RUNPATH_SEARCH_PATHS = "$(inherited) @executable_path/Frameworks @loader_path/Frameworks";
				PRODUCT_BUNDLE_IDENTIFIER = com.gmv.MemeAppTests;
				PRODUCT_NAME = "$(TARGET_NAME)";
				TEST_HOST = "$(BUILT_PRODUCTS_DIR)/MemeApp.app/MemeApp";
			};
			name = Debug;
		};
		CB79E7D81D1711CA00AD386E /* Release */ = {
			isa = XCBuildConfiguration;
			buildSettings = {
				BUNDLE_LOADER = "$(TEST_HOST)";
				INFOPLIST_FILE = MemeAppTests/Info.plist;
				LD_RUNPATH_SEARCH_PATHS = "$(inherited) @executable_path/Frameworks @loader_path/Frameworks";
				PRODUCT_BUNDLE_IDENTIFIER = com.gmv.MemeAppTests;
				PRODUCT_NAME = "$(TARGET_NAME)";
				TEST_HOST = "$(BUILT_PRODUCTS_DIR)/MemeApp.app/MemeApp";
			};
			name = Release;
		};
		CB79E7DA1D1711CA00AD386E /* Debug */ = {
			isa = XCBuildConfiguration;
			buildSettings = {
				INFOPLIST_FILE = MemeAppUITests/Info.plist;
				LD_RUNPATH_SEARCH_PATHS = "$(inherited) @executable_path/Frameworks @loader_path/Frameworks";
				PRODUCT_BUNDLE_IDENTIFIER = com.gmv.MemeAppUITests;
				PRODUCT_NAME = "$(TARGET_NAME)";
				TEST_TARGET_NAME = MemeApp;
			};
			name = Debug;
		};
		CB79E7DB1D1711CA00AD386E /* Release */ = {
			isa = XCBuildConfiguration;
			buildSettings = {
				INFOPLIST_FILE = MemeAppUITests/Info.plist;
				LD_RUNPATH_SEARCH_PATHS = "$(inherited) @executable_path/Frameworks @loader_path/Frameworks";
				PRODUCT_BUNDLE_IDENTIFIER = com.gmv.MemeAppUITests;
				PRODUCT_NAME = "$(TARGET_NAME)";
				TEST_TARGET_NAME = MemeApp;
			};
			name = Release;
		};
/* End XCBuildConfiguration section */

/* Begin XCConfigurationList section */
		CB79E7A61D1711C900AD386E /* Build configuration list for PBXProject "MemeApp" */ = {
			isa = XCConfigurationList;
			buildConfigurations = (
				CB79E7D11D1711CA00AD386E /* Debug */,
				CB79E7D21D1711CA00AD386E /* Release */,
			);
			defaultConfigurationIsVisible = 0;
			defaultConfigurationName = Release;
		};
		CB79E7D31D1711CA00AD386E /* Build configuration list for PBXNativeTarget "MemeApp" */ = {
			isa = XCConfigurationList;
			buildConfigurations = (
				CB79E7D41D1711CA00AD386E /* Debug */,
				CB79E7D51D1711CA00AD386E /* Release */,
			);
			defaultConfigurationIsVisible = 0;
			defaultConfigurationName = Release;
		};
		CB79E7D61D1711CA00AD386E /* Build configuration list for PBXNativeTarget "MemeAppTests" */ = {
			isa = XCConfigurationList;
			buildConfigurations = (
				CB79E7D71D1711CA00AD386E /* Debug */,
				CB79E7D81D1711CA00AD386E /* Release */,
			);
			defaultConfigurationIsVisible = 0;
			defaultConfigurationName = Release;
		};
		CB79E7D91D1711CA00AD386E /* Build configuration list for PBXNativeTarget "MemeAppUITests" */ = {
			isa = XCConfigurationList;
			buildConfigurations = (
				CB79E7DA1D1711CA00AD386E /* Debug */,
				CB79E7DB1D1711CA00AD386E /* Release */,
			);
			defaultConfigurationIsVisible = 0;
			defaultConfigurationName = Release;
		};
/* End XCConfigurationList section */
	};
	rootObject = CB79E7A31D1711C900AD386E /* Project object */;
}
